{
  "version": 1,
  "package": [
    {
      "name": "AhkExtensions",
      "source": "git+git@github.com:holy-tao/AhkExtensions.git",
      "resolved": "96fce2226caa4d190f48b670f726d4bc54ad0048",
      "checksum": "sha256:446e4852a9408c520f261208642dc36e6ac76699ec44a03b78b141790133cb4c"
    },
    {
      "name": "Utils",
      "source": "git+git@github.com:holy-tao/ahk-utils.git",
      "resolved": "638defa3393dccd1ae7a42a01e1f1e343bba5a4c",
      "checksum": "sha256:43eae8cdf57dc7f4bc5f4a4171f6eeed4a47955a078e1cecb7ca09a0d9061e6d"
    },
    {
      "name": "YAML64.ahk",
      "source": "release+holy-tao/YAML@v0.5.0/YAML64.ahk?sha256=5b32809027bfedd68a18a2de5e44778c2fa4660792e3df92438137e17208709e",
      "resolved": "https://github.com/holy-tao/YAML/releases/download/v0.5.0/YAML64.ahk",
      "checksum": "sha256:62c745988f250e4fcb3d81a4eaead74480255f6a03e0d4a69f62f55173c9b258"
    },
    {
      "name": "libclang.ahk",
      "source": "git+git@github.com:holy-tao/libclang.ahk.git",
      "resolved": "09a028469a73ce75adf6d505c8427797e244cb9f",
      "checksum": "sha256:96d1968a5d06851d1c2ef62db3c5be196fb926bf71d589edbe1592333e323331"
    },
    {
      "name": "log4ahk",
      "source": "git+git@github.com:holy-tao/log4ahk.git?branch=feat/2.1",
      "resolved": "9c589af78d2c84bd48e2aef3dec2e1e8e24953ee",
      "checksum": "sha256:e0509210eb8bb2e9ed1063f6df6f27e8c3777a6e600af2215f5f68a20cbf1945"
    }
  ]
}
